
Microsoft Visual Studio Solution File, Format Version 12.00
# Visual Studio Version 17
VisualStudioVersion = 17.3.32929.385
MinimumVisualStudioVersion = 10.0.40219.1
Project("{FAE04EC0-301F-11D3-BF4B-00C04F79EFBC}") = "IvyFashion", "IvyFashion.csproj", "{5ACB8752-C5BF-4D92-8A6D-4C9D5A89C462}"
EndProject
Global
	GlobalSection(SolutionConfigurationPlatforms) = preSolution
		Debug|Any CPU = Debug|Any CPU
		Release|Any CPU = Release|Any CPU
	EndGlobalSection
	GlobalSection(ProjectConfigurationPlatforms) = postSolution
		{5ACB8752-C5BF-4D92-8A6D-4C9D5A89C462}.Debug|Any CPU.ActiveCfg = Debug|Any CPU
		{5ACB8752-C5BF-4D92-8A6D-4C9D5A89C462}.Debug|Any CPU.Build.0 = Debug|Any CPU
		{5ACB8752-C5BF-4D92-8A6D-4C9D5A89C462}.Release|Any CPU.ActiveCfg = Release|Any CPU
		{5ACB8752-C5BF-4D92-8A6D-4C9D5A89C462}.Release|Any CPU.Build.0 = Release|Any CPU
	EndGlobalSection
	GlobalSection(SolutionProperties) = preSolution
		HideSolutionNode = FALSE
	EndGlobalSection
	GlobalSection(ExtensibilityGlobals) = postSolution
		SolutionGuid = {68A79F2D-5204-447A-851E-68642F70CF95}
	EndGlobalSection
EndGlobal
